// !$*UTF8*$!
{
	archiveVersion = 1;
	classes = {
	};
	objectVersion = 46;
	objects = {

/* Begin PBXBuildFile section */
		3426F2B81E1F9CA100BD8904 /* AppDelegate.swift in Sources */ = {isa = PBXBuildFile; fileRef = 3426F2B71E1F9CA100BD8904 /* AppDelegate.swift */; };
		3426F2BD1E1F9CA100BD8904 /* Main.storyboard in Resources */ = {isa = PBXBuildFile; fileRef = 3426F2BB1E1F9CA100BD8904 /* Main.storyboard */; };
		3426F2BF1E1F9CA100BD8904 /* Assets.xcassets in Resources */ = {isa = PBXBuildFile; fileRef = 3426F2BE1E1F9CA100BD8904 /* Assets.xcassets */; };
		3426F2C21E1F9CA100BD8904 /* LaunchScreen.storyboard in Resources */ = {isa = PBXBuildFile; fileRef = 3426F2C01E1F9CA100BD8904 /* LaunchScreen.storyboard */; };
		3426F2CA1E1F9DF800BD8904 /* Item0.storyboard in Resources */ = {isa = PBXBuildFile; fileRef = 3426F2C91E1F9DF800BD8904 /* Item0.storyboard */; };
		3426F2CC1E1F9E0300BD8904 /* Item1.storyboard in Resources */ = {isa = PBXBuildFile; fileRef = 3426F2CB1E1F9E0300BD8904 /* Item1.storyboard */; };
		3426F2CE1E1F9E0C00BD8904 /* Item2.storyboard in Resources */ = {isa = PBXBuildFile; fileRef = 3426F2CD1E1F9E0C00BD8904 /* Item2.storyboard */; };
		3426F2D21E1F9F0200BD8904 /* MainViewController.swift in Sources */ = {isa = PBXBuildFile; fileRef = 3426F2D11E1F9F0200BD8904 /* MainViewController.swift */; };
		3426F2D41E1F9F3700BD8904 /* StoryboardExtension.swift in Sources */ = {isa = PBXBuildFile; fileRef = 3426F2D31E1F9F3700BD8904 /* StoryboardExtension.swift */; };
/* End PBXBuildFile section */

/* Begin PBXFileReference section */
		3426F2B41E1F9CA100BD8904 /* Day4-SafeStoryboard.app */ = {isa = PBXFileReference; explicitFileType = wrapper.application; includeInIndex = 0; path = "Day4-SafeStoryboard.app"; sourceTree = BUILT_PRODUCTS_DIR; };
		3426F2B71E1F9CA100BD8904 /* AppDelegate.swift */ = {isa = PBXFileReference; lastKnownFileType = sourcecode.swift; path = AppDelegate.swift; sourceTree = "<group>"; };
		3426F2BC1E1F9CA100BD8904 /* Base */ = {isa = PBXFileReference; lastKnownFileType = file.storyboard; name = Base; path = Base.lproj/Main.storyboard; sourceTree = "<group>"; };
		3426F2BE1E1F9CA100BD8904 /* Assets.xcassets */ = {isa = PBXFileReference; lastKnownFileType = folder.assetcatalog; path = Assets.xcassets; sourceTree = "<group>"; };
		3426F2C11E1F9CA100BD8904 /* Base */ = {isa = PBXFileReference; lastKnownFileType = file.storyboard; name = Base; path = Base.lproj/LaunchScreen.storyboard; sourceTree = "<group>"; };
		3426F2C31E1F9CA100BD8904 /* Info.plist */ = {isa = PBXFileReference; lastKnownFileType = text.plist.xml; path = Info.plist; sourceTree = "<group>"; };
		3426F2C91E1F9DF800BD8904 /* Item0.storyboard */ = {isa = PBXFileReference; fileEncoding = 4; lastKnownFileType = file.storyboard; path = Item0.storyboard; sourceTree = "<group>"; };
		3426F2CB1E1F9E0300BD8904 /* Item1.storyboard */ = {isa = PBXFileReference; fileEncoding = 4; lastKnownFileType = file.storyboard; path = Item1.storyboard; sourceTree = "<group>"; };
		3426F2CD1E1F9E0C00BD8904 /* Item2.storyboard */ = {isa = PBXFileReference; fileEncoding = 4; lastKnownFileType = file.storyboard; path = Item2.storyboard; sourceTree = "<group>"; };
		3426F2D11E1F9F0200BD8904 /* MainViewController.swift */ = {isa = PBXFileReference; fileEncoding = 4; lastKnownFileType = sourcecode.swift; path = MainViewController.swift; sourceTree = "<group>"; };
		3426F2D31E1F9F3700BD8904 /* StoryboardExtension.swift */ = {isa = PBXFileReference; fileEncoding = 4; lastKnownFileType = sourcecode.swift; path = StoryboardExtension.swift; sourceTree = "<group>"; };
/* End PBXFileReference section */

/* Begin PBXFrameworksBuildPhase section */
		3426F2B11E1F9CA100BD8904 /* Frameworks */ = {
			isa = PBXFrameworksBuildPhase;
			buildActionMask = 2147483647;
			files = (
			);
			runOnlyForDeploymentPostprocessing = 0;
		};
/* End PBXFrameworksBuildPhase section */

/* Begin PBXGroup section */
		3426F2AB1E1F9CA100BD8904 = {
			isa = PBXGroup;
			children = (
				3426F2B61E1F9CA100BD8904 /* Day4-SafeStoryboard */,
				3426F2B51E1F9CA100BD8904 /* Products */,
			);
			sourceTree = "<group>";
		};
		3426F2B51E1F9CA100BD8904 /* Products */ = {
			isa = PBXGroup;
			children = (
				3426F2B41E1F9CA100BD8904 /* Day4-SafeStoryboard.app */,
			);
			name = Products;
			sourceTree = "<group>";
		};
		3426F2B61E1F9CA100BD8904 /* Day4-SafeStoryboard */ = {
			isa = PBXGroup;
			children = (
				3426F2B71E1F9CA100BD8904 /* AppDelegate.swift */,
				3426F2BB1E1F9CA100BD8904 /* Main.storyboard */,
				3426F2D11E1F9F0200BD8904 /* MainViewController.swift */,
				3426F2C91E1F9DF800BD8904 /* Item0.storyboard */,
				3426F2CB1E1F9E0300BD8904 /* Item1.storyboard */,
				3426F2CD1E1F9E0C00BD8904 /* Item2.storyboard */,
				3426F2D31E1F9F3700BD8904 /* StoryboardExtension.swift */,
				3426F2BE1E1F9CA100BD8904 /* Assets.xcassets */,
				3426F2C01E1F9CA100BD8904 /* LaunchScreen.storyboard */,
				3426F2C31E1F9CA100BD8904 /* Info.plist */,
			);
			path = "Day4-SafeStoryboard";
			sourceTree = "<group>";
		};
/* End PBXGroup section */

/* Begin PBXNativeTarget section */
		3426F2B31E1F9CA100BD8904 /* Day4-SafeStoryboard */ = {
			isa = PBXNativeTarget;
			buildConfigurationList = 3426F2C61E1F9CA100BD8904 /* Build configuration list for PBXNativeTarget "Day4-SafeStoryboard" */;
			buildPhases = (
				3426F2B01E1F9CA100BD8904 /* Sources */,
				3426F2B11E1F9CA100BD8904 /* Frameworks */,
				3426F2B21E1F9CA100BD8904 /* Resources */,
			);
			buildRules = (
			);
			dependencies = (
			);
			name = "Day4-SafeStoryboard";
			productName = "Day4-SafeStoryboard";
			productReference = 3426F2B41E1F9CA100BD8904 /* Day4-SafeStoryboard.app */;
			productType = "com.apple.product-type.application";
		};
/* End PBXNativeTarget section */

/* Begin PBXProject section */
		3426F2AC1E1F9CA100BD8904 /* Project object */ = {
			isa = PBXProject;
			attributes = {
				LastSwiftUpdateCheck = 0810;
				LastUpgradeCheck = 0810;
				ORGANIZATIONNAME = "HOME Ma";
				TargetAttributes = {
					3426F2B31E1F9CA100BD8904 = {
						CreatedOnToolsVersion = 8.1;
						DevelopmentTeam = HD9XAK733R;
						ProvisioningStyle = Automatic;
					};
				};
			};
			buildConfigurationList = 3426F2AF1E1F9CA100BD8904 /* Build configuration list for PBXProject "Day4-SafeStoryboard" */;
			compatibilityVersion = "Xcode 3.2";
			developmentRegion = English;
			hasScannedForEncodings = 0;
			knownRegions = (
				en,
				Base,
			);
			mainGroup = 3426F2AB1E1F9CA100BD8904;
			productRefGroup = 3426F2B51E1F9CA100BD8904 /* Products */;
			projectDirPath = "";
			projectRoot = "";
			targets = (
				3426F2B31E1F9CA100BD8904 /* Day4-SafeStoryboard */,
			);
		};
/* End PBXProject section */

/* Begin PBXResourcesBuildPhase section */
		3426F2B21E1F9CA100BD8904 /* Resources */ = {
			isa = PBXResourcesBuildPhase;
			buildActionMask = 2147483647;
			files = (
				3426F2C21E1F9CA100BD8904 /* LaunchScreen.storyboard in Resources */,
				3426F2BF1E1F9CA100BD8904 /* Assets.xcassets in Resources */,
				3426F2CE1E1F9E0C00BD8904 /* Item2.storyboard in Resources */,
				3426F2CA1E1F9DF800BD8904 /* Item0.storyboard in Resources */,
				3426F2CC1E1F9E0300BD8904 /* Item1.storyboard in Resources */,
				3426F2BD1E1F9CA100BD8904 /* Main.storyboard in Resources */,
			);
			runOnlyForDeploymentPostprocessing = 0;
		};
/* End PBXResourcesBuildPhase section */

/* Begin PBXSourcesBuildPhase section */
		3426F2B01E1F9CA100BD8904 /* Sources */ = {
			isa = PBXSourcesBuildPhase;
			buildActionMask = 2147483647;
			files = (
				3426F2B81E1F9CA100BD8904 /* AppDelegate.swift in Sources */,
				3426F2D41E1F9F3700BD8904 /* StoryboardExtension.swift in Sources */,
				3426F2D21E1F9F0200BD8904 /* MainViewController.swift in Sources */,
			);
			runOnlyForDeploymentPostprocessing = 0;
		};
/* End PBXSourcesBuildPhase section */

/* Begin PBXVariantGroup section */
		3426F2BB1E1F9CA100BD8904 /* Main.storyboard */ = {
			isa = PBXVariantGroup;
			children = (
				3426F2BC1E1F9CA100BD8904 /* Base */,
			);
			name = Main.storyboard;
			sourceTree = "<group>";
		};
		3426F2C01E1F9CA100BD8904 /* LaunchScreen.storyboard */ = {
			isa = PBXVariantGroup;
			children = (
				3426F2C11E1F9CA100BD8904 /* Base */,
			);
			name = LaunchScreen.storyboard;
			sourceTree = "<group>";
		};
/* End PBXVariantGroup section */

/* Begin XCBuildConfiguration section */
		3426F2C41E1F9CA100BD8904 /* Debug */ = {
			isa = XCBuildConfiguration;
			buildSettings = {
				ALWAYS_SEARCH_USER_PATHS = NO;
				CLANG_ANALYZER_NONNULL = YES;
				CLANG_CXX_LANGUAGE_STANDARD = "gnu++0x";
				CLANG_CXX_LIBRARY = "libc++";
				CLANG_ENABLE_MODULES = YES;
				CLANG_ENABLE_OBJC_ARC = YES;
				CLANG_WARN_BOOL_CONVERSION = YES;
				CLANG_WARN_CONSTANT_CONVERSION = YES;
				CLANG_WARN_DIRECT_OBJC_ISA_USAGE = YES_ERROR;
				CLANG_WARN_DOCUMENTATION_COMMENTS = YES;
				CLANG_WARN_EMPTY_BODY = YES;
				CLANG_WARN_ENUM_CONVERSION = YES;
				CLANG_WARN_INFINITE_RECURSION = YES;
				CLANG_WARN_INT_CONVERSION = YES;
				CLANG_WARN_OBJC_ROOT_CLASS = YES_ERROR;
				CLANG_WARN_SUSPICIOUS_MOVES = YES;
				CLANG_WARN_UNREACHABLE_CODE = YES;
				CLANG_WARN__DUPLICATE_METHOD_MATCH = YES;
				"CODE_SIGN_IDENTITY[sdk=iphoneos*]" = "iPhone Developer";
				COPY_PHASE_STRIP = NO;
				DEBUG_INFORMATION_FORMAT = dwarf;
				ENABLE_STRICT_OBJC_MSGSEND = YES;
				ENABLE_TESTABILITY = YES;
				GCC_C_LANGUAGE_STANDARD = gnu99;
				GCC_DYNAMIC_NO_PIC = NO;
				GCC_NO_COMMON_BLOCKS = YES;
				GCC_OPTIMIZATION_LEVEL = 0;
				GCC_PREPROCESSOR_DEFINITIONS = (
					"DEBUG=1",
					"$(inherited)",
				);
				GCC_WARN_64_TO_32_BIT_CONVERSION = YES;
				GCC_WARN_ABOUT_RETURN_TYPE = YES_ERROR;
				GCC_WARN_UNDECLARED_SELECTOR = YES;
				GCC_WARN_UNINITIALIZED_AUTOS = YES_AGGRESSIVE;
				GCC_WARN_UNUSED_FUNCTION = YES;
				GCC_WARN_UNUSED_VARIABLE = YES;
				IPHONEOS_DEPLOYMENT_TARGET = 10.1;
				MTL_ENABLE_DEBUG_INFO = YES;
				ONLY_ACTIVE_ARCH = YES;
				SDKROOT = iphoneos;
				SWIFT_ACTIVE_COMPILATION_CONDITIONS = DEBUG;
				SWIFT_OPTIMIZATION_LEVEL = "-Onone";
			};
			name = Debug;
		};
		3426F2C51E1F9CA100BD8904 /* Release */ = {
			isa = XCBuildConfiguration;
			buildSettings = {
				ALWAYS_SEARCH_USER_PATHS = NO;
				CLANG_ANALYZER_NONNULL = YES;
				CLANG_CXX_LANGUAGE_STANDARD = "gnu++0x";
				CLANG_CXX_LIBRARY = "libc++";
				CLANG_ENABLE_MODULES = YES;
				CLANG_ENABLE_OBJC_ARC = YES;
				CLANG_WARN_BOOL_CONVERSION = YES;
				CLANG_WARN_CONSTANT_CONVERSION = YES;
				CLANG_WARN_DIRECT_OBJC_ISA_USAGE = YES_ERROR;
				CLANG_WARN_DOCUMENTATION_COMMENTS = YES;
				CLANG_WARN_EMPTY_BODY = YES;
				CLANG_WARN_ENUM_CONVERSION = YES;
				CLANG_WARN_INFINITE_RECURSION = YES;
				CLANG_WARN_INT_CONVERSION = YES;
				CLANG_WARN_OBJC_ROOT_CLASS = YES_ERROR;
				CLANG_WARN_SUSPICIOUS_MOVES = YES;
				CLANG_WARN_UNREACHABLE_CODE = YES;
				CLANG_WARN__DUPLICATE_METHOD_MATCH = YES;
				"CODE_SIGN_IDENTITY[sdk=iphoneos*]" = "iPhone Developer";
				COPY_PHASE_STRIP = NO;
				DEBUG_INFORMATION_FORMAT = "dwarf-with-dsym";
				ENABLE_NS_ASSERTIONS = NO;
				ENABLE_STRICT_OBJC_MSGSEND = YES;
				GCC_C_LANGUAGE_STANDARD = gnu99;
				GCC_NO_COMMON_BLOCKS = YES;
				GCC_WARN_64_TO_32_BIT_CONVERSION = YES;
				GCC_WARN_ABOUT_RETURN_TYPE = YES_ERROR;
				GCC_WARN_UNDECLARED_SELECTOR = YES;
				GCC_WARN_UNINITIALIZED_AUTOS = YES_AGGRESSIVE;
				GCC_WARN_UNUSED_FUNCTION = YES;
				GCC_WARN_UNUSED_VARIABLE = YES;
				IPHONEOS_DEPLOYMENT_TARGET = 10.1;
				MTL_ENABLE_DEBUG_INFO = NO;
				SDKROOT = iphoneos;
				SWIFT_OPTIMIZATION_LEVEL = "-Owholemodule";
				VALIDATE_PRODUCT = YES;
			};
			name = Release;
		};
		3426F2C71E1F9CA100BD8904 /* Debug */ = {
			isa = XCBuildConfiguration;
			buildSettings = {
				ASSETCATALOG_COMPILER_APPICON_NAME = AppIcon;
				DEVELOPMENT_TEAM = HD9XAK733R;
				INFOPLIST_FILE = "Day4-SafeStoryboard/Info.plist";
				LD_RUNPATH_SEARCH_PATHS = "$(inherited) @executable_path/Frameworks";
				PRODUCT_BUNDLE_IDENTIFIER = "MaHaomeng.Day4-SafeStoryboard";
				PRODUCT_NAME = "$(TARGET_NAME)";
				SWIFT_VERSION = 3.0;
			};
			name = Debug;
		};
		3426F2C81E1F9CA100BD8904 /* Release */ = {
			isa = XCBuildConfiguration;
			buildSettings = {
				ASSETCATALOG_COMPILER_APPICON_NAME = AppIcon;
				DEVELOPMENT_TEAM = HD9XAK733R;
				INFOPLIST_FILE = "Day4-SafeStoryboard/Info.plist";
				LD_RUNPATH_SEARCH_PATHS = "$(inherited) @executable_path/Frameworks";
				PRODUCT_BUNDLE_IDENTIFIER = "MaHaomeng.Day4-SafeStoryboard";
				PRODUCT_NAME = "$(TARGET_NAME)";
				SWIFT_VERSION = 3.0;
			};
			name = Release;
		};
/* End XCBuildConfiguration section */

/* Begin XCConfigurationList section */
		3426F2AF1E1F9CA100BD8904 /* Build configuration list for PBXProject "Day4-SafeStoryboard" */ = {
			isa = XCConfigurationList;
			buildConfigurations = (
				3426F2C41E1F9CA100BD8904 /* Debug */,
				3426F2C51E1F9CA100BD8904 /* Release */,
			);
			defaultConfigurationIsVisible = 0;
			defaultConfigurationName = Release;
		};
		3426F2C61E1F9CA100BD8904 /* Build configuration list for PBXNativeTarget "Day4-SafeStoryboard" */ = {
			isa = XCConfigurationList;
			buildConfigurations = (
				3426F2C71E1F9CA100BD8904 /* Debug */,
				3426F2C81E1F9CA100BD8904 /* Release */,
			);
			defaultConfigurationIsVisible = 0;
		};
/* End XCConfigurationList section */
	};
	rootObject = 3426F2AC1E1F9CA100BD8904 /* Project object */;
}
